{
  "version": "5",
  "specifiers": {
    "npm:@types/node@*": "24.2.0"
  },
  "npm": {
    "@types/node@24.2.0": {
      "integrity": "sha512-3xyG3pMCq3oYCNg7/ZP+E1ooTaGB4cG8JWRsqqOYQdbWNY4zbaV0Ennrd7stjiJEFZCaybcIgpTjJWHRfBSIDw==",
      "dependencies": [
        "undici-types"
      ]
    },
    "undici-types@7.10.0": {
      "integrity": "sha512-t5Fy/nfn+14LuOc2KNYg75vZqClpAiqscVvMygNnlsHBFpSXdJaYtXMcdNLpl/Qvc3P2cB3s6lOV51nqsFq4ag=="
    }
  },
  "redirects": {
    "https://esm.sh/@supabase/functions-js/src/edge-runtime.d.ts": "https://esm.sh/@supabase/functions-js@2.86.0/src/edge-runtime.d.ts"
  },
  "remote": {
    "https://deno.land/std@0.203.0/async/delay.ts": "a6142eb44cdd856b645086af2b811b1fcce08ec06bb7d50969e6a872ee9b8659",
    "https://deno.land/std@0.203.0/http/server.ts": "1b2403b3c544c0624ad23e8ca4e05877e65380d9e0d75d04957432d65c3d5f41"
  }
}
